
Microsoft Visual Studio Solution File, Format Version 12.00
# Visual Studio Version 16
VisualStudioVersion = 16.0.30011.22
MinimumVisualStudioVersion = 10.0.40219.1
Project("{8BC9CEB8-8B4A-11D0-8D11-00A0C91BC942}") = "test_ch10_1", "test_ch10_1.vcxproj", "{11703B45-10E6-44BF-A42B-A161079CDC12}"
EndProject
Global
	GlobalSection(SolutionConfigurationPlatforms) = preSolution
		Debug|x64 = Debug|x64
		Debug|x86 = Debug|x86
		Release|x64 = Release|x64
		Release|x86 = Release|x86
	EndGlobalSection
	GlobalSection(ProjectConfigurationPlatforms) = postSolution
		{11703B45-10E6-44BF-A42B-A161079CDC12}.Debug|x64.ActiveCfg = Debug|x64
		{11703B45-10E6-44BF-A42B-A161079CDC12}.Debug|x64.Build.0 = Debug|x64
		{11703B45-10E6-44BF-A42B-A161079CDC12}.Debug|x86.ActiveCfg = Debug|Win32
		{11703B45-10E6-44BF-A42B-A161079CDC12}.Debug|x86.Build.0 = Debug|Win32
		{11703B45-10E6-44BF-A42B-A161079CDC12}.Release|x64.ActiveCfg = Release|x64
		{11703B45-10E6-44BF-A42B-A161079CDC12}.Release|x64.Build.0 = Release|x64
		{11703B45-10E6-44BF-A42B-A161079CDC12}.Release|x86.ActiveCfg = Release|Win32
		{11703B45-10E6-44BF-A42B-A161079CDC12}.Release|x86.Build.0 = Release|Win32
	EndGlobalSection
	GlobalSection(SolutionProperties) = preSolution
		HideSolutionNode = FALSE
	EndGlobalSection
	GlobalSection(ExtensibilityGlobals) = postSolution
		SolutionGuid = {58C5FF6D-534E-4895-9AAA-C22336A927EB}
	EndGlobalSection
EndGlobal
