
Microsoft Visual Studio Solution File, Format Version 12.00
# Visual Studio Express 15 for Windows Desktop
VisualStudioVersion = 15.0.28307.1231
MinimumVisualStudioVersion = 10.0.40219.1
Project("{8BC9CEB8-8B4A-11D0-8D11-00A0C91BC942}") = "ex13_1", "ex13_1.vcxproj", "{BAE9B3FB-362E-49AC-A930-C65D1A41B28A}"
EndProject
Global
	GlobalSection(SolutionConfigurationPlatforms) = preSolution
		Debug|x64 = Debug|x64
		Debug|x86 = Debug|x86
		Release|x64 = Release|x64
		Release|x86 = Release|x86
	EndGlobalSection
	GlobalSection(ProjectConfigurationPlatforms) = postSolution
		{BAE9B3FB-362E-49AC-A930-C65D1A41B28A}.Debug|x64.ActiveCfg = Debug|x64
		{BAE9B3FB-362E-49AC-A930-C65D1A41B28A}.Debug|x64.Build.0 = Debug|x64
		{BAE9B3FB-362E-49AC-A930-C65D1A41B28A}.Debug|x86.ActiveCfg = Debug|Win32
		{BAE9B3FB-362E-49AC-A930-C65D1A41B28A}.Debug|x86.Build.0 = Debug|Win32
		{BAE9B3FB-362E-49AC-A930-C65D1A41B28A}.Release|x64.ActiveCfg = Release|x64
		{BAE9B3FB-362E-49AC-A930-C65D1A41B28A}.Release|x64.Build.0 = Release|x64
		{BAE9B3FB-362E-49AC-A930-C65D1A41B28A}.Release|x86.ActiveCfg = Release|Win32
		{BAE9B3FB-362E-49AC-A930-C65D1A41B28A}.Release|x86.Build.0 = Release|Win32
	EndGlobalSection
	GlobalSection(SolutionProperties) = preSolution
		HideSolutionNode = FALSE
	EndGlobalSection
	GlobalSection(ExtensibilityGlobals) = postSolution
		SolutionGuid = {202C776A-BBDD-4625-9B4D-57A70D1A7CD5}
	EndGlobalSection
EndGlobal
