
Microsoft Visual Studio Solution File, Format Version 12.00
# Visual Studio Express 15 for Windows Desktop
VisualStudioVersion = 15.0.28307.1231
MinimumVisualStudioVersion = 10.0.40219.1
Project("{8BC9CEB8-8B4A-11D0-8D11-00A0C91BC942}") = "test_ch8_1", "test_ch8_1.vcxproj", "{6E8350D2-7C36-4E9C-B2BC-F4CE6E166FEA}"
EndProject
Global
	GlobalSection(SolutionConfigurationPlatforms) = preSolution
		Debug|x64 = Debug|x64
		Debug|x86 = Debug|x86
		Release|x64 = Release|x64
		Release|x86 = Release|x86
	EndGlobalSection
	GlobalSection(ProjectConfigurationPlatforms) = postSolution
		{6E8350D2-7C36-4E9C-B2BC-F4CE6E166FEA}.Debug|x64.ActiveCfg = Debug|x64
		{6E8350D2-7C36-4E9C-B2BC-F4CE6E166FEA}.Debug|x64.Build.0 = Debug|x64
		{6E8350D2-7C36-4E9C-B2BC-F4CE6E166FEA}.Debug|x86.ActiveCfg = Debug|Win32
		{6E8350D2-7C36-4E9C-B2BC-F4CE6E166FEA}.Debug|x86.Build.0 = Debug|Win32
		{6E8350D2-7C36-4E9C-B2BC-F4CE6E166FEA}.Release|x64.ActiveCfg = Release|x64
		{6E8350D2-7C36-4E9C-B2BC-F4CE6E166FEA}.Release|x64.Build.0 = Release|x64
		{6E8350D2-7C36-4E9C-B2BC-F4CE6E166FEA}.Release|x86.ActiveCfg = Release|Win32
		{6E8350D2-7C36-4E9C-B2BC-F4CE6E166FEA}.Release|x86.Build.0 = Release|Win32
	EndGlobalSection
	GlobalSection(SolutionProperties) = preSolution
		HideSolutionNode = FALSE
	EndGlobalSection
	GlobalSection(ExtensibilityGlobals) = postSolution
		SolutionGuid = {5FE7B096-EEAD-4693-8024-6F12E402790D}
	EndGlobalSection
EndGlobal
